// !$*UTF8*$!
{
	archiveVersion = 1;
	classes = {
	};
	objectVersion = 46;
	objects = {

/* Begin PBXBuildFile section */
		B4DCE044B84231867FB88662 /* Pods_Reach.framework in Frameworks */ = {isa = PBXBuildFile; fileRef = F42E40ECA6B2C2061135DD6A /* Pods_Reach.framework */; };
		D554E54B1EC52253001F29E4 /* EnterLocationViewController.swift in Sources */ = {isa = PBXBuildFile; fileRef = D554E54A1EC52253001F29E4 /* EnterLocationViewController.swift */; };
		D554E54D1EC535EA001F29E4 /* LocationSearchTableViewController.swift in Sources */ = {isa = PBXBuildFile; fileRef = D554E54C1EC535EA001F29E4 /* LocationSearchTableViewController.swift */; };
		D5657D481EC2479A00B4160E /* CreateEventTableViewController.swift in Sources */ = {isa = PBXBuildFile; fileRef = D5657D471EC2479A00B4160E /* CreateEventTableViewController.swift */; };
		D5657D4A1EC281EB00B4160E /* DateTimeViewController.swift in Sources */ = {isa = PBXBuildFile; fileRef = D5657D491EC281EB00B4160E /* DateTimeViewController.swift */; };
		D5657D4C1EC2886400B4160E /* FeedViewController.swift in Sources */ = {isa = PBXBuildFile; fileRef = D5657D4B1EC2886400B4160E /* FeedViewController.swift */; };
		D5657D4E1EC2898900B4160E /* SwiftyJSON.swift in Sources */ = {isa = PBXBuildFile; fileRef = D5657D4D1EC2898900B4160E /* SwiftyJSON.swift */; };
		D5657D501EC2BB3400B4160E /* Event.swift in Sources */ = {isa = PBXBuildFile; fileRef = D5657D4F1EC2BB3400B4160E /* Event.swift */; };
		D5657D521EC2BC2000B4160E /* User.swift in Sources */ = {isa = PBXBuildFile; fileRef = D5657D511EC2BC1F00B4160E /* User.swift */; };
		D58964FE1EBC053F0023BE27 /* MapKit.framework in Frameworks */ = {isa = PBXBuildFile; fileRef = D58964FD1EBC053F0023BE27 /* MapKit.framework */; };
		D58965001EBC12C00023BE27 /* FilterViewController.swift in Sources */ = {isa = PBXBuildFile; fileRef = D58964FF1EBC12C00023BE27 /* FilterViewController.swift */; };
		D5A85E501EB96CAB003ACE7C /* AppDelegate.swift in Sources */ = {isa = PBXBuildFile; fileRef = D5A85E4F1EB96CAB003ACE7C /* AppDelegate.swift */; };
		D5A85E551EB96CAB003ACE7C /* Main.storyboard in Resources */ = {isa = PBXBuildFile; fileRef = D5A85E531EB96CAB003ACE7C /* Main.storyboard */; };
		D5A85E571EB96CAB003ACE7C /* Assets.xcassets in Resources */ = {isa = PBXBuildFile; fileRef = D5A85E561EB96CAB003ACE7C /* Assets.xcassets */; };
		D5A85E5A1EB96CAB003ACE7C /* LaunchScreen.storyboard in Resources */ = {isa = PBXBuildFile; fileRef = D5A85E581EB96CAB003ACE7C /* LaunchScreen.storyboard */; };
		D5AF516B1EBC02C800B11D54 /* MapViewController.swift in Sources */ = {isa = PBXBuildFile; fileRef = D5AF516A1EBC02C800B11D54 /* MapViewController.swift */; };
		D5F2675A1ECBCFBE004A5302 /* GoogleService-Info.plist in Resources */ = {isa = PBXBuildFile; fileRef = D5F267591ECBCFBE004A5302 /* GoogleService-Info.plist */; };
		D5F2675C1ECC1524004A5302 /* ViewEventTableViewController.swift in Sources */ = {isa = PBXBuildFile; fileRef = D5F2675B1ECC1524004A5302 /* ViewEventTableViewController.swift */; };
/* End PBXBuildFile section */

/* Begin PBXFileReference section */
		0B3E72327299F1ED293AE48C /* Pods-Reach.debug.xcconfig */ = {isa = PBXFileReference; includeInIndex = 1; lastKnownFileType = text.xcconfig; name = "Pods-Reach.debug.xcconfig"; path = "Pods/Target Support Files/Pods-Reach/Pods-Reach.debug.xcconfig"; sourceTree = "<group>"; };
		D554E54A1EC52253001F29E4 /* EnterLocationViewController.swift */ = {isa = PBXFileReference; fileEncoding = 4; lastKnownFileType = sourcecode.swift; path = EnterLocationViewController.swift; sourceTree = "<group>"; };
		D554E54C1EC535EA001F29E4 /* LocationSearchTableViewController.swift */ = {isa = PBXFileReference; fileEncoding = 4; lastKnownFileType = sourcecode.swift; path = LocationSearchTableViewController.swift; sourceTree = "<group>"; };
		D5657D471EC2479A00B4160E /* CreateEventTableViewController.swift */ = {isa = PBXFileReference; fileEncoding = 4; lastKnownFileType = sourcecode.swift; path = CreateEventTableViewController.swift; sourceTree = "<group>"; };
		D5657D491EC281EB00B4160E /* DateTimeViewController.swift */ = {isa = PBXFileReference; fileEncoding = 4; lastKnownFileType = sourcecode.swift; path = DateTimeViewController.swift; sourceTree = "<group>"; };
		D5657D4B1EC2886400B4160E /* FeedViewController.swift */ = {isa = PBXFileReference; fileEncoding = 4; lastKnownFileType = sourcecode.swift; path = FeedViewController.swift; sourceTree = "<group>"; };
		D5657D4D1EC2898900B4160E /* SwiftyJSON.swift */ = {isa = PBXFileReference; fileEncoding = 4; lastKnownFileType = sourcecode.swift; path = SwiftyJSON.swift; sourceTree = "<group>"; };
		D5657D4F1EC2BB3400B4160E /* Event.swift */ = {isa = PBXFileReference; fileEncoding = 4; lastKnownFileType = sourcecode.swift; path = Event.swift; sourceTree = "<group>"; };
		D5657D511EC2BC1F00B4160E /* User.swift */ = {isa = PBXFileReference; fileEncoding = 4; lastKnownFileType = sourcecode.swift; path = User.swift; sourceTree = "<group>"; };
		D58964FD1EBC053F0023BE27 /* MapKit.framework */ = {isa = PBXFileReference; lastKnownFileType = wrapper.framework; name = MapKit.framework; path = System/Library/Frameworks/MapKit.framework; sourceTree = SDKROOT; };
		D58964FF1EBC12C00023BE27 /* FilterViewController.swift */ = {isa = PBXFileReference; fileEncoding = 4; lastKnownFileType = sourcecode.swift; path = FilterViewController.swift; sourceTree = "<group>"; };
		D5A85E4C1EB96CAB003ACE7C /* Reach.app */ = {isa = PBXFileReference; explicitFileType = wrapper.application; includeInIndex = 0; path = Reach.app; sourceTree = BUILT_PRODUCTS_DIR; };
		D5A85E4F1EB96CAB003ACE7C /* AppDelegate.swift */ = {isa = PBXFileReference; lastKnownFileType = sourcecode.swift; path = AppDelegate.swift; sourceTree = "<group>"; };
		D5A85E541EB96CAB003ACE7C /* Base */ = {isa = PBXFileReference; lastKnownFileType = file.storyboard; name = Base; path = Base.lproj/Main.storyboard; sourceTree = "<group>"; };
		D5A85E561EB96CAB003ACE7C /* Assets.xcassets */ = {isa = PBXFileReference; lastKnownFileType = folder.assetcatalog; path = Assets.xcassets; sourceTree = "<group>"; };
		D5A85E591EB96CAB003ACE7C /* Base */ = {isa = PBXFileReference; lastKnownFileType = file.storyboard; name = Base; path = Base.lproj/LaunchScreen.storyboard; sourceTree = "<group>"; };
		D5A85E5B1EB96CAB003ACE7C /* Info.plist */ = {isa = PBXFileReference; lastKnownFileType = text.plist.xml; path = Info.plist; sourceTree = "<group>"; };
		D5AF516A1EBC02C800B11D54 /* MapViewController.swift */ = {isa = PBXFileReference; fileEncoding = 4; lastKnownFileType = sourcecode.swift; path = MapViewController.swift; sourceTree = "<group>"; };
		D5F267591ECBCFBE004A5302 /* GoogleService-Info.plist */ = {isa = PBXFileReference; fileEncoding = 4; lastKnownFileType = text.plist.xml; path = "GoogleService-Info.plist"; sourceTree = "<group>"; };
		D5F2675B1ECC1524004A5302 /* ViewEventTableViewController.swift */ = {isa = PBXFileReference; fileEncoding = 4; lastKnownFileType = sourcecode.swift; path = ViewEventTableViewController.swift; sourceTree = "<group>"; };
		D5F2675D1ECC2DB5004A5302 /* SanLuisObispo.gpx */ = {isa = PBXFileReference; lastKnownFileType = text.xml; path = SanLuisObispo.gpx; sourceTree = "<group>"; };
		E2A28CE9F11A4BCD5B93BD15 /* Pods-Reach.release.xcconfig */ = {isa = PBXFileReference; includeInIndex = 1; lastKnownFileType = text.xcconfig; name = "Pods-Reach.release.xcconfig"; path = "Pods/Target Support Files/Pods-Reach/Pods-Reach.release.xcconfig"; sourceTree = "<group>"; };
		F42E40ECA6B2C2061135DD6A /* Pods_Reach.framework */ = {isa = PBXFileReference; explicitFileType = wrapper.framework; includeInIndex = 0; path = Pods_Reach.framework; sourceTree = BUILT_PRODUCTS_DIR; };
/* End PBXFileReference section */

/* Begin PBXFrameworksBuildPhase section */
		D5A85E491EB96CAB003ACE7C /* Frameworks */ = {
			isa = PBXFrameworksBuildPhase;
			buildActionMask = 2147483647;
			files = (
				D58964FE1EBC053F0023BE27 /* MapKit.framework in Frameworks */,
				B4DCE044B84231867FB88662 /* Pods_Reach.framework in Frameworks */,
			);
			runOnlyForDeploymentPostprocessing = 0;
		};
/* End PBXFrameworksBuildPhase section */

/* Begin PBXGroup section */
		0999C533D00FBFF7DF3D144B /* Pods */ = {
			isa = PBXGroup;
			children = (
				0B3E72327299F1ED293AE48C /* Pods-Reach.debug.xcconfig */,
				E2A28CE9F11A4BCD5B93BD15 /* Pods-Reach.release.xcconfig */,
			);
			name = Pods;
			sourceTree = "<group>";
		};
		D58964FC1EBC053F0023BE27 /* Frameworks */ = {
			isa = PBXGroup;
			children = (
				D58964FD1EBC053F0023BE27 /* MapKit.framework */,
				F42E40ECA6B2C2061135DD6A /* Pods_Reach.framework */,
			);
			name = Frameworks;
			sourceTree = "<group>";
		};
		D5A85E431EB96CAB003ACE7C = {
			isa = PBXGroup;
			children = (
				D5A85E4E1EB96CAB003ACE7C /* Reach */,
				D5A85E4D1EB96CAB003ACE7C /* Products */,
				D58964FC1EBC053F0023BE27 /* Frameworks */,
				0999C533D00FBFF7DF3D144B /* Pods */,
			);
			sourceTree = "<group>";
		};
		D5A85E4D1EB96CAB003ACE7C /* Products */ = {
			isa = PBXGroup;
			children = (
				D5A85E4C1EB96CAB003ACE7C /* Reach.app */,
			);
			name = Products;
			sourceTree = "<group>";
		};
		D5A85E4E1EB96CAB003ACE7C /* Reach */ = {
			isa = PBXGroup;
			children = (
				D5A85E4F1EB96CAB003ACE7C /* AppDelegate.swift */,
				D5A85E531EB96CAB003ACE7C /* Main.storyboard */,
				D5657D471EC2479A00B4160E /* CreateEventTableViewController.swift */,
				D5657D491EC281EB00B4160E /* DateTimeViewController.swift */,
				D554E54A1EC52253001F29E4 /* EnterLocationViewController.swift */,
				D5657D4F1EC2BB3400B4160E /* Event.swift */,
				D5657D4B1EC2886400B4160E /* FeedViewController.swift */,
				D58964FF1EBC12C00023BE27 /* FilterViewController.swift */,
				D554E54C1EC535EA001F29E4 /* LocationSearchTableViewController.swift */,
				D5AF516A1EBC02C800B11D54 /* MapViewController.swift */,
				D5657D4D1EC2898900B4160E /* SwiftyJSON.swift */,
				D5657D511EC2BC1F00B4160E /* User.swift */,
				D5F2675B1ECC1524004A5302 /* ViewEventTableViewController.swift */,
				D5F2675D1ECC2DB5004A5302 /* SanLuisObispo.gpx */,
				D5A85E561EB96CAB003ACE7C /* Assets.xcassets */,
				D5A85E581EB96CAB003ACE7C /* LaunchScreen.storyboard */,
				D5A85E5B1EB96CAB003ACE7C /* Info.plist */,
				D5F267591ECBCFBE004A5302 /* GoogleService-Info.plist */,
			);
			path = Reach;
			sourceTree = "<group>";
		};
/* End PBXGroup section */

/* Begin PBXNativeTarget section */
		D5A85E4B1EB96CAB003ACE7C /* Reach */ = {
			isa = PBXNativeTarget;
			buildConfigurationList = D5A85E5E1EB96CAB003ACE7C /* Build configuration list for PBXNativeTarget "Reach" */;
			buildPhases = (
				3D56432523F85166592839D5 /* [CP] Check Pods Manifest.lock */,
				D5A85E481EB96CAB003ACE7C /* Sources */,
				D5A85E491EB96CAB003ACE7C /* Frameworks */,
				D5A85E4A1EB96CAB003ACE7C /* Resources */,
				D28B676B35CE8DE3891A1397 /* [CP] Embed Pods Frameworks */,
				C1B3BC28F6A5D3E46A4B7619 /* [CP] Copy Pods Resources */,
			);
			buildRules = (
			);
			dependencies = (
			);
			name = Reach;
			productName = Reach;
			productReference = D5A85E4C1EB96CAB003ACE7C /* Reach.app */;
			productType = "com.apple.product-type.application";
		};
/* End PBXNativeTarget section */

/* Begin PBXProject section */
		D5A85E441EB96CAB003ACE7C /* Project object */ = {
			isa = PBXProject;
			attributes = {
				LastSwiftUpdateCheck = 0830;
				LastUpgradeCheck = 0830;
				ORGANIZATIONNAME = "Austin McInnis";
				TargetAttributes = {
					D5A85E4B1EB96CAB003ACE7C = {
						CreatedOnToolsVersion = 8.3.2;
						DevelopmentTeam = CM86EZ9GM9;
						ProvisioningStyle = Automatic;
						SystemCapabilities = {
							com.apple.Maps.iOS = {
								enabled = 1;
							};
						};
					};
				};
			};
			buildConfigurationList = D5A85E471EB96CAB003ACE7C /* Build configuration list for PBXProject "Reach" */;
			compatibilityVersion = "Xcode 3.2";
			developmentRegion = English;
			hasScannedForEncodings = 0;
			knownRegions = (
				en,
				Base,
			);
			mainGroup = D5A85E431EB96CAB003ACE7C;
			productRefGroup = D5A85E4D1EB96CAB003ACE7C /* Products */;
			projectDirPath = "";
			projectRoot = "";
			targets = (
				D5A85E4B1EB96CAB003ACE7C /* Reach */,
			);
		};
/* End PBXProject section */

/* Begin PBXResourcesBuildPhase section */
		D5A85E4A1EB96CAB003ACE7C /* Resources */ = {
			isa = PBXResourcesBuildPhase;
			buildActionMask = 2147483647;
			files = (
				D5A85E5A1EB96CAB003ACE7C /* LaunchScreen.storyboard in Resources */,
				D5F2675A1ECBCFBE004A5302 /* GoogleService-Info.plist in Resources */,
				D5A85E571EB96CAB003ACE7C /* Assets.xcassets in Resources */,
				D5A85E551EB96CAB003ACE7C /* Main.storyboard in Resources */,
			);
			runOnlyForDeploymentPostprocessing = 0;
		};
/* End PBXResourcesBuildPhase section */

/* Begin PBXShellScriptBuildPhase section */
		3D56432523F85166592839D5 /* [CP] Check Pods Manifest.lock */ = {
			isa = PBXShellScriptBuildPhase;
			buildActionMask = 2147483647;
			files = (
			);
			inputPaths = (
			);
			name = "[CP] Check Pods Manifest.lock";
			outputPaths = (
			);
			runOnlyForDeploymentPostprocessing = 0;
			shellPath = /bin/sh;
			shellScript = "diff \"${PODS_PODFILE_DIR_PATH}/Podfile.lock\" \"${PODS_ROOT}/Manifest.lock\" > /dev/null\nif [ $? != 0 ] ; then\n    # print error to STDERR\n    echo \"error: The sandbox is not in sync with the Podfile.lock. Run 'pod install' or update your CocoaPods installation.\" >&2\n    exit 1\nfi\n";
			showEnvVarsInLog = 0;
		};
		C1B3BC28F6A5D3E46A4B7619 /* [CP] Copy Pods Resources */ = {
			isa = PBXShellScriptBuildPhase;
			buildActionMask = 2147483647;
			files = (
			);
			inputPaths = (
			);
			name = "[CP] Copy Pods Resources";
			outputPaths = (
			);
			runOnlyForDeploymentPostprocessing = 0;
			shellPath = /bin/sh;
			shellScript = "\"${SRCROOT}/Pods/Target Support Files/Pods-Reach/Pods-Reach-resources.sh\"\n";
			showEnvVarsInLog = 0;
		};
		D28B676B35CE8DE3891A1397 /* [CP] Embed Pods Frameworks */ = {
			isa = PBXShellScriptBuildPhase;
			buildActionMask = 2147483647;
			files = (
			);
			inputPaths = (
			);
			name = "[CP] Embed Pods Frameworks";
			outputPaths = (
			);
			runOnlyForDeploymentPostprocessing = 0;
			shellPath = /bin/sh;
			shellScript = "\"${SRCROOT}/Pods/Target Support Files/Pods-Reach/Pods-Reach-frameworks.sh\"\n";
			showEnvVarsInLog = 0;
		};
/* End PBXShellScriptBuildPhase section */

/* Begin PBXSourcesBuildPhase section */
		D5A85E481EB96CAB003ACE7C /* Sources */ = {
			isa = PBXSourcesBuildPhase;
			buildActionMask = 2147483647;
			files = (
				D5657D501EC2BB3400B4160E /* Event.swift in Sources */,
				D5F2675C1ECC1524004A5302 /* ViewEventTableViewController.swift in Sources */,
				D5657D481EC2479A00B4160E /* CreateEventTableViewController.swift in Sources */,
				D58965001EBC12C00023BE27 /* FilterViewController.swift in Sources */,
				D5A85E501EB96CAB003ACE7C /* AppDelegate.swift in Sources */,
				D5657D4A1EC281EB00B4160E /* DateTimeViewController.swift in Sources */,
				D5657D521EC2BC2000B4160E /* User.swift in Sources */,
				D5657D4C1EC2886400B4160E /* FeedViewController.swift in Sources */,
				D5657D4E1EC2898900B4160E /* SwiftyJSON.swift in Sources */,
				D554E54D1EC535EA001F29E4 /* LocationSearchTableViewController.swift in Sources */,
				D554E54B1EC52253001F29E4 /* EnterLocationViewController.swift in Sources */,
				D5AF516B1EBC02C800B11D54 /* MapViewController.swift in Sources */,
			);
			runOnlyForDeploymentPostprocessing = 0;
		};
/* End PBXSourcesBuildPhase section */

/* Begin PBXVariantGroup section */
		D5A85E531EB96CAB003ACE7C /* Main.storyboard */ = {
			isa = PBXVariantGroup;
			children = (
				D5A85E541EB96CAB003ACE7C /* Base */,
			);
			name = Main.storyboard;
			sourceTree = "<group>";
		};
		D5A85E581EB96CAB003ACE7C /* LaunchScreen.storyboard */ = {
			isa = PBXVariantGroup;
			children = (
				D5A85E591EB96CAB003ACE7C /* Base */,
			);
			name = LaunchScreen.storyboard;
			sourceTree = "<group>";
		};
/* End PBXVariantGroup section */

/* Begin XCBuildConfiguration section */
		D5A85E5C1EB96CAB003ACE7C /* Debug */ = {
			isa = XCBuildConfiguration;
			buildSettings = {
				ALWAYS_SEARCH_USER_PATHS = NO;
				CLANG_ANALYZER_NONNULL = YES;
				CLANG_ANALYZER_NUMBER_OBJECT_CONVERSION = YES_AGGRESSIVE;
				CLANG_CXX_LANGUAGE_STANDARD = "gnu++0x";
				CLANG_CXX_LIBRARY = "libc++";
				CLANG_ENABLE_MODULES = YES;
				CLANG_ENABLE_OBJC_ARC = YES;
				CLANG_WARN_BOOL_CONVERSION = YES;
				CLANG_WARN_CONSTANT_CONVERSION = YES;
				CLANG_WARN_DIRECT_OBJC_ISA_USAGE = YES_ERROR;
				CLANG_WARN_DOCUMENTATION_COMMENTS = YES;
				CLANG_WARN_EMPTY_BODY = YES;
				CLANG_WARN_ENUM_CONVERSION = YES;
				CLANG_WARN_INFINITE_RECURSION = YES;
				CLANG_WARN_INT_CONVERSION = YES;
				CLANG_WARN_OBJC_ROOT_CLASS = YES_ERROR;
				CLANG_WARN_SUSPICIOUS_MOVE = YES;
				CLANG_WARN_UNREACHABLE_CODE = YES;
				CLANG_WARN__DUPLICATE_METHOD_MATCH = YES;
				"CODE_SIGN_IDENTITY[sdk=iphoneos*]" = "iPhone Developer";
				COPY_PHASE_STRIP = NO;
				DEBUG_INFORMATION_FORMAT = dwarf;
				ENABLE_STRICT_OBJC_MSGSEND = YES;
				ENABLE_TESTABILITY = YES;
				GCC_C_LANGUAGE_STANDARD = gnu99;
				GCC_DYNAMIC_NO_PIC = NO;
				GCC_NO_COMMON_BLOCKS = YES;
				GCC_OPTIMIZATION_LEVEL = 0;
				GCC_PREPROCESSOR_DEFINITIONS = (
					"DEBUG=1",
					"$(inherited)",
				);
				GCC_WARN_64_TO_32_BIT_CONVERSION = YES;
				GCC_WARN_ABOUT_RETURN_TYPE = YES_ERROR;
				GCC_WARN_UNDECLARED_SELECTOR = YES;
				GCC_WARN_UNINITIALIZED_AUTOS = YES_AGGRESSIVE;
				GCC_WARN_UNUSED_FUNCTION = YES;
				GCC_WARN_UNUSED_VARIABLE = YES;
				IPHONEOS_DEPLOYMENT_TARGET = 10.3;
				MTL_ENABLE_DEBUG_INFO = YES;
				ONLY_ACTIVE_ARCH = YES;
				SDKROOT = iphoneos;
				SWIFT_ACTIVE_COMPILATION_CONDITIONS = DEBUG;
				SWIFT_OPTIMIZATION_LEVEL = "-Onone";
			};
			name = Debug;
		};
		D5A85E5D1EB96CAB003ACE7C /* Release */ = {
			isa = XCBuildConfiguration;
			buildSettings = {
				ALWAYS_SEARCH_USER_PATHS = NO;
				CLANG_ANALYZER_NONNULL = YES;
				CLANG_ANALYZER_NUMBER_OBJECT_CONVERSION = YES_AGGRESSIVE;
				CLANG_CXX_LANGUAGE_STANDARD = "gnu++0x";
				CLANG_CXX_LIBRARY = "libc++";
				CLANG_ENABLE_MODULES = YES;
				CLANG_ENABLE_OBJC_ARC = YES;
				CLANG_WARN_BOOL_CONVERSION = YES;
				CLANG_WARN_CONSTANT_CONVERSION = YES;
				CLANG_WARN_DIRECT_OBJC_ISA_USAGE = YES_ERROR;
				CLANG_WARN_DOCUMENTATION_COMMENTS = YES;
				CLANG_WARN_EMPTY_BODY = YES;
				CLANG_WARN_ENUM_CONVERSION = YES;
				CLANG_WARN_INFINITE_RECURSION = YES;
				CLANG_WARN_INT_CONVERSION = YES;
				CLANG_WARN_OBJC_ROOT_CLASS = YES_ERROR;
				CLANG_WARN_SUSPICIOUS_MOVE = YES;
				CLANG_WARN_UNREACHABLE_CODE = YES;
				CLANG_WARN__DUPLICATE_METHOD_MATCH = YES;
				"CODE_SIGN_IDENTITY[sdk=iphoneos*]" = "iPhone Developer";
				COPY_PHASE_STRIP = NO;
				DEBUG_INFORMATION_FORMAT = "dwarf-with-dsym";
				ENABLE_NS_ASSERTIONS = NO;
				ENABLE_STRICT_OBJC_MSGSEND = YES;
				GCC_C_LANGUAGE_STANDARD = gnu99;
				GCC_NO_COMMON_BLOCKS = YES;
				GCC_WARN_64_TO_32_BIT_CONVERSION = YES;
				GCC_WARN_ABOUT_RETURN_TYPE = YES_ERROR;
				GCC_WARN_UNDECLARED_SELECTOR = YES;
				GCC_WARN_UNINITIALIZED_AUTOS = YES_AGGRESSIVE;
				GCC_WARN_UNUSED_FUNCTION = YES;
				GCC_WARN_UNUSED_VARIABLE = YES;
				IPHONEOS_DEPLOYMENT_TARGET = 10.3;
				MTL_ENABLE_DEBUG_INFO = NO;
				SDKROOT = iphoneos;
				SWIFT_OPTIMIZATION_LEVEL = "-Owholemodule";
				VALIDATE_PRODUCT = YES;
			};
			name = Release;
		};
		D5A85E5F1EB96CAB003ACE7C /* Debug */ = {
			isa = XCBuildConfiguration;
			baseConfigurationReference = 0B3E72327299F1ED293AE48C /* Pods-Reach.debug.xcconfig */;
			buildSettings = {
				ASSETCATALOG_COMPILER_APPICON_NAME = AppIcon;
				DEVELOPMENT_TEAM = CM86EZ9GM9;
				INFOPLIST_FILE = Reach/Info.plist;
				LD_RUNPATH_SEARCH_PATHS = "$(inherited) @executable_path/Frameworks";
				PRODUCT_BUNDLE_IDENTIFIER = amcinnis.Reach;
				PRODUCT_NAME = "$(TARGET_NAME)";
				SWIFT_VERSION = 3.0;
			};
			name = Debug;
		};
		D5A85E601EB96CAB003ACE7C /* Release */ = {
			isa = XCBuildConfiguration;
			baseConfigurationReference = E2A28CE9F11A4BCD5B93BD15 /* Pods-Reach.release.xcconfig */;
			buildSettings = {
				ASSETCATALOG_COMPILER_APPICON_NAME = AppIcon;
				DEVELOPMENT_TEAM = CM86EZ9GM9;
				INFOPLIST_FILE = Reach/Info.plist;
				LD_RUNPATH_SEARCH_PATHS = "$(inherited) @executable_path/Frameworks";
				PRODUCT_BUNDLE_IDENTIFIER = amcinnis.Reach;
				PRODUCT_NAME = "$(TARGET_NAME)";
				SWIFT_VERSION = 3.0;
			};
			name = Release;
		};
/* End XCBuildConfiguration section */

/* Begin XCConfigurationList section */
		D5A85E471EB96CAB003ACE7C /* Build configuration list for PBXProject "Reach" */ = {
			isa = XCConfigurationList;
			buildConfigurations = (
				D5A85E5C1EB96CAB003ACE7C /* Debug */,
				D5A85E5D1EB96CAB003ACE7C /* Release */,
			);
			defaultConfigurationIsVisible = 0;
			defaultConfigurationName = Release;
		};
		D5A85E5E1EB96CAB003ACE7C /* Build configuration list for PBXNativeTarget "Reach" */ = {
			isa = XCConfigurationList;
			buildConfigurations = (
				D5A85E5F1EB96CAB003ACE7C /* Debug */,
				D5A85E601EB96CAB003ACE7C /* Release */,
			);
			defaultConfigurationIsVisible = 0;
			defaultConfigurationName = Release;
		};
/* End XCConfigurationList section */
	};
	rootObject = D5A85E441EB96CAB003ACE7C /* Project object */;
}
